// !$*UTF8*$!
{
	archiveVersion = 1;
	classes = {
	};
	objectVersion = 50;
	objects = {

/* Begin PBXBuildFile section */
		959780C9214AF2B700217C8E /* main.cpp in Sources */ = {isa = PBXBuildFile; fileRef = 959780C8214AF2B700217C8E /* main.cpp */; };
		959780D1214AF34A00217C8E /* Song.cpp in Sources */ = {isa = PBXBuildFile; fileRef = 959780CF214AF34A00217C8E /* Song.cpp */; };
		959780D7214B0CE800217C8E /* PlayList.cpp in Sources */ = {isa = PBXBuildFile; fileRef = 959780D5214B0CE800217C8E /* PlayList.cpp */; };
		959780DA214B0DBA00217C8E /* Set.cpp in Sources */ = {isa = PBXBuildFile; fileRef = 959780D8214B0DBA00217C8E /* Set.cpp */; };
/* End PBXBuildFile section */

/* Begin PBXCopyFilesBuildPhase section */
		959780C3214AF2B700217C8E /* CopyFiles */ = {
			isa = PBXCopyFilesBuildPhase;
			buildActionMask = 2147483647;
			dstPath = /usr/share/man/man1/;
			dstSubfolderSpec = 0;
			files = (
			);
			runOnlyForDeploymentPostprocessing = 1;
		};
/* End PBXCopyFilesBuildPhase section */

/* Begin PBXFileReference section */
		959780C5214AF2B700217C8E /* OCC_Proj2 */ = {isa = PBXFileReference; explicitFileType = "compiled.mach-o.executable"; includeInIndex = 0; path = OCC_Proj2; sourceTree = BUILT_PRODUCTS_DIR; };
		959780C8214AF2B700217C8E /* main.cpp */ = {isa = PBXFileReference; lastKnownFileType = sourcecode.cpp.cpp; path = main.cpp; sourceTree = "<group>"; };
		959780CF214AF34A00217C8E /* Song.cpp */ = {isa = PBXFileReference; lastKnownFileType = sourcecode.cpp.cpp; path = Song.cpp; sourceTree = "<group>"; };
		959780D0214AF34A00217C8E /* Song.h */ = {isa = PBXFileReference; lastKnownFileType = sourcecode.c.h; path = Song.h; sourceTree = "<group>"; };
		959780D3214B0C4B00217C8E /* SetInterface.h */ = {isa = PBXFileReference; lastKnownFileType = sourcecode.c.h; path = SetInterface.h; sourceTree = "<group>"; };
		959780D5214B0CE800217C8E /* PlayList.cpp */ = {isa = PBXFileReference; lastKnownFileType = sourcecode.cpp.cpp; path = PlayList.cpp; sourceTree = "<group>"; };
		959780D6214B0CE800217C8E /* PlayList.h */ = {isa = PBXFileReference; lastKnownFileType = sourcecode.c.h; path = PlayList.h; sourceTree = "<group>"; };
		959780D8214B0DBA00217C8E /* Set.cpp */ = {isa = PBXFileReference; lastKnownFileType = sourcecode.cpp.cpp; path = Set.cpp; sourceTree = "<group>"; };
		959780D9214B0DBA00217C8E /* Set.h */ = {isa = PBXFileReference; lastKnownFileType = sourcecode.c.h; path = Set.h; sourceTree = "<group>"; };
/* End PBXFileReference section */

/* Begin PBXFrameworksBuildPhase section */
		959780C2214AF2B700217C8E /* Frameworks */ = {
			isa = PBXFrameworksBuildPhase;
			buildActionMask = 2147483647;
			files = (
			);
			runOnlyForDeploymentPostprocessing = 0;
		};
/* End PBXFrameworksBuildPhase section */

/* Begin PBXGroup section */
		959780BC214AF2B700217C8E = {
			isa = PBXGroup;
			children = (
				959780C7214AF2B700217C8E /* OCC_Proj2 */,
				959780C6214AF2B700217C8E /* Products */,
			);
			sourceTree = "<group>";
		};
		959780C6214AF2B700217C8E /* Products */ = {
			isa = PBXGroup;
			children = (
				959780C5214AF2B700217C8E /* OCC_Proj2 */,
			);
			name = Products;
			sourceTree = "<group>";
		};
		959780C7214AF2B700217C8E /* OCC_Proj2 */ = {
			isa = PBXGroup;
			children = (
				959780D3214B0C4B00217C8E /* SetInterface.h */,
				959780D9214B0DBA00217C8E /* Set.h */,
				959780D8214B0DBA00217C8E /* Set.cpp */,
				959780C8214AF2B700217C8E /* main.cpp */,
				959780CF214AF34A00217C8E /* Song.cpp */,
				959780D0214AF34A00217C8E /* Song.h */,
				959780D5214B0CE800217C8E /* PlayList.cpp */,
				959780D6214B0CE800217C8E /* PlayList.h */,
			);
			path = OCC_Proj2;
			sourceTree = "<group>";
		};
/* End PBXGroup section */

/* Begin PBXNativeTarget section */
		959780C4214AF2B700217C8E /* OCC_Proj2 */ = {
			isa = PBXNativeTarget;
			buildConfigurationList = 959780CC214AF2B700217C8E /* Build configuration list for PBXNativeTarget "OCC_Proj2" */;
			buildPhases = (
				959780C1214AF2B700217C8E /* Sources */,
				959780C2214AF2B700217C8E /* Frameworks */,
				959780C3214AF2B700217C8E /* CopyFiles */,
			);
			buildRules = (
			);
			dependencies = (
			);
			name = OCC_Proj2;
			productName = OCC_Proj2;
			productReference = 959780C5214AF2B700217C8E /* OCC_Proj2 */;
			productType = "com.apple.product-type.tool";
		};
/* End PBXNativeTarget section */

/* Begin PBXProject section */
		959780BD214AF2B700217C8E /* Project object */ = {
			isa = PBXProject;
			attributes = {
				LastUpgradeCheck = 0930;
				ORGANIZATIONNAME = "Anna Li";
				TargetAttributes = {
					959780C4214AF2B700217C8E = {
						CreatedOnToolsVersion = 9.3;
					};
				};
			};
			buildConfigurationList = 959780C0214AF2B700217C8E /* Build configuration list for PBXProject "OCC_Proj2" */;
			compatibilityVersion = "Xcode 9.3";
			developmentRegion = en;
			hasScannedForEncodings = 0;
			knownRegions = (
				en,
			);
			mainGroup = 959780BC214AF2B700217C8E;
			productRefGroup = 959780C6214AF2B700217C8E /* Products */;
			projectDirPath = "";
			projectRoot = "";
			targets = (
				959780C4214AF2B700217C8E /* OCC_Proj2 */,
			);
		};
/* End PBXProject section */

/* Begin PBXSourcesBuildPhase section */
		959780C1214AF2B700217C8E /* Sources */ = {
			isa = PBXSourcesBuildPhase;
			buildActionMask = 2147483647;
			files = (
				959780DA214B0DBA00217C8E /* Set.cpp in Sources */,
				959780D1214AF34A00217C8E /* Song.cpp in Sources */,
				959780C9214AF2B700217C8E /* main.cpp in Sources */,
				959780D7214B0CE800217C8E /* PlayList.cpp in Sources */,
			);
			runOnlyForDeploymentPostprocessing = 0;
		};
/* End PBXSourcesBuildPhase section */

/* Begin XCBuildConfiguration section */
		959780CA214AF2B700217C8E /* Debug */ = {
			isa = XCBuildConfiguration;
			buildSettings = {
				ALWAYS_SEARCH_USER_PATHS = NO;
				CLANG_ANALYZER_NONNULL = YES;
				CLANG_ANALYZER_NUMBER_OBJECT_CONVERSION = YES_AGGRESSIVE;
				CLANG_CXX_LANGUAGE_STANDARD = "gnu++14";
				CLANG_CXX_LIBRARY = "libc++";
				CLANG_ENABLE_MODULES = YES;
				CLANG_ENABLE_OBJC_ARC = YES;
				CLANG_ENABLE_OBJC_WEAK = YES;
				CLANG_WARN_BLOCK_CAPTURE_AUTORELEASING = YES;
				CLANG_WARN_BOOL_CONVERSION = YES;
				CLANG_WARN_COMMA = YES;
				CLANG_WARN_CONSTANT_CONVERSION = YES;
				CLANG_WARN_DEPRECATED_OBJC_IMPLEMENTATIONS = YES;
				CLANG_WARN_DIRECT_OBJC_ISA_USAGE = YES_ERROR;
				CLANG_WARN_DOCUMENTATION_COMMENTS = YES;
				CLANG_WARN_EMPTY_BODY = YES;
				CLANG_WARN_ENUM_CONVERSION = YES;
				CLANG_WARN_INFINITE_RECURSION = YES;
				CLANG_WARN_INT_CONVERSION = YES;
				CLANG_WARN_NON_LITERAL_NULL_CONVERSION = YES;
				CLANG_WARN_OBJC_IMPLICIT_RETAIN_SELF = YES;
				CLANG_WARN_OBJC_LITERAL_CONVERSION = YES;
				CLANG_WARN_OBJC_ROOT_CLASS = YES_ERROR;
				CLANG_WARN_RANGE_LOOP_ANALYSIS = YES;
				CLANG_WARN_STRICT_PROTOTYPES = YES;
				CLANG_WARN_SUSPICIOUS_MOVE = YES;
				CLANG_WARN_UNGUARDED_AVAILABILITY = YES_AGGRESSIVE;
				CLANG_WARN_UNREACHABLE_CODE = YES;
				CLANG_WARN__DUPLICATE_METHOD_MATCH = YES;
				CODE_SIGN_IDENTITY = "Mac Developer";
				COPY_PHASE_STRIP = NO;
				DEBUG_INFORMATION_FORMAT = dwarf;
				ENABLE_STRICT_OBJC_MSGSEND = YES;
				ENABLE_TESTABILITY = YES;
				GCC_C_LANGUAGE_STANDARD = gnu11;
				GCC_DYNAMIC_NO_PIC = NO;
				GCC_NO_COMMON_BLOCKS = YES;
				GCC_OPTIMIZATION_LEVEL = 0;
				GCC_PREPROCESSOR_DEFINITIONS = (
					"DEBUG=1",
					"$(inherited)",
				);
				GCC_WARN_64_TO_32_BIT_CONVERSION = YES;
				GCC_WARN_ABOUT_RETURN_TYPE = YES_ERROR;
				GCC_WARN_UNDECLARED_SELECTOR = YES;
				GCC_WARN_UNINITIALIZED_AUTOS = YES_AGGRESSIVE;
				GCC_WARN_UNUSED_FUNCTION = YES;
				GCC_WARN_UNUSED_VARIABLE = YES;
				MACOSX_DEPLOYMENT_TARGET = 10.13;
				MTL_ENABLE_DEBUG_INFO = YES;
				ONLY_ACTIVE_ARCH = YES;
				SDKROOT = macosx;
			};
			name = Debug;
		};
		959780CB214AF2B700217C8E /* Release */ = {
			isa = XCBuildConfiguration;
			buildSettings = {
				ALWAYS_SEARCH_USER_PATHS = NO;
				CLANG_ANALYZER_NONNULL = YES;
				CLANG_ANALYZER_NUMBER_OBJECT_CONVERSION = YES_AGGRESSIVE;
				CLANG_CXX_LANGUAGE_STANDARD = "gnu++14";
				CLANG_CXX_LIBRARY = "libc++";
				CLANG_ENABLE_MODULES = YES;
				CLANG_ENABLE_OBJC_ARC = YES;
				CLANG_ENABLE_OBJC_WEAK = YES;
				CLANG_WARN_BLOCK_CAPTURE_AUTORELEASING = YES;
				CLANG_WARN_BOOL_CONVERSION = YES;
				CLANG_WARN_COMMA = YES;
				CLANG_WARN_CONSTANT_CONVERSION = YES;
				CLANG_WARN_DEPRECATED_OBJC_IMPLEMENTATIONS = YES;
				CLANG_WARN_DIRECT_OBJC_ISA_USAGE = YES_ERROR;
				CLANG_WARN_DOCUMENTATION_COMMENTS = YES;
				CLANG_WARN_EMPTY_BODY = YES;
				CLANG_WARN_ENUM_CONVERSION = YES;
				CLANG_WARN_INFINITE_RECURSION = YES;
				CLANG_WARN_INT_CONVERSION = YES;
				CLANG_WARN_NON_LITERAL_NULL_CONVERSION = YES;
				CLANG_WARN_OBJC_IMPLICIT_RETAIN_SELF = YES;
				CLANG_WARN_OBJC_LITERAL_CONVERSION = YES;
				CLANG_WARN_OBJC_ROOT_CLASS = YES_ERROR;
				CLANG_WARN_RANGE_LOOP_ANALYSIS = YES;
				CLANG_WARN_STRICT_PROTOTYPES = YES;
				CLANG_WARN_SUSPICIOUS_MOVE = YES;
				CLANG_WARN_UNGUARDED_AVAILABILITY = YES_AGGRESSIVE;
				CLANG_WARN_UNREACHABLE_CODE = YES;
				CLANG_WARN__DUPLICATE_METHOD_MATCH = YES;
				CODE_SIGN_IDENTITY = "Mac Developer";
				COPY_PHASE_STRIP = NO;
				DEBUG_INFORMATION_FORMAT = "dwarf-with-dsym";
				ENABLE_NS_ASSERTIONS = NO;
				ENABLE_STRICT_OBJC_MSGSEND = YES;
				GCC_C_LANGUAGE_STANDARD = gnu11;
				GCC_NO_COMMON_BLOCKS = YES;
				GCC_WARN_64_TO_32_BIT_CONVERSION = YES;
				GCC_WARN_ABOUT_RETURN_TYPE = YES_ERROR;
				GCC_WARN_UNDECLARED_SELECTOR = YES;
				GCC_WARN_UNINITIALIZED_AUTOS = YES_AGGRESSIVE;
				GCC_WARN_UNUSED_FUNCTION = YES;
				GCC_WARN_UNUSED_VARIABLE = YES;
				MACOSX_DEPLOYMENT_TARGET = 10.13;
				MTL_ENABLE_DEBUG_INFO = NO;
				SDKROOT = macosx;
			};
			name = Release;
		};
		959780CD214AF2B700217C8E /* Debug */ = {
			isa = XCBuildConfiguration;
			buildSettings = {
				CODE_SIGN_STYLE = Automatic;
				DEVELOPMENT_TEAM = RH5FRZC2SV;
				PRODUCT_NAME = "$(TARGET_NAME)";
			};
			name = Debug;
		};
		959780CE214AF2B700217C8E /* Release */ = {
			isa = XCBuildConfiguration;
			buildSettings = {
				CODE_SIGN_STYLE = Automatic;
				DEVELOPMENT_TEAM = RH5FRZC2SV;
				PRODUCT_NAME = "$(TARGET_NAME)";
			};
			name = Release;
		};
/* End XCBuildConfiguration section */

/* Begin XCConfigurationList section */
		959780C0214AF2B700217C8E /* Build configuration list for PBXProject "OCC_Proj2" */ = {
			isa = XCConfigurationList;
			buildConfigurations = (
				959780CA214AF2B700217C8E /* Debug */,
				959780CB214AF2B700217C8E /* Release */,
			);
			defaultConfigurationIsVisible = 0;
			defaultConfigurationName = Release;
		};
		959780CC214AF2B700217C8E /* Build configuration list for PBXNativeTarget "OCC_Proj2" */ = {
			isa = XCConfigurationList;
			buildConfigurations = (
				959780CD214AF2B700217C8E /* Debug */,
				959780CE214AF2B700217C8E /* Release */,
			);
			defaultConfigurationIsVisible = 0;
			defaultConfigurationName = Release;
		};
/* End XCConfigurationList section */
	};
	rootObject = 959780BD214AF2B700217C8E /* Project object */;
}
